{
  "name": "test-ssto-project",
  "version": "1.0.0",
  "lockfileVersion": 3,
  "requires": true,
  "packages": {
    "": {
      "name": "test-ssto-project",
      "version": "1.0.0",
      "dependencies": {
        "@nestjs/terminus": "^11.0.0"
      },
      "devDependencies": {
        "@playwright/test": "^1.48.0",
        "pdf-parse": "^1.1.2"
      }
    }
  }
}
